{
  "pins" : [
    {
      "identity" : "swifthaptics",
      "kind" : "remoteSourceControl",
      "location" : "https://github.com/pxlshpr/SwiftHaptics",
      "state" : {
        "revision" : "6300a8681b551f3df1023266116ca9700dbd14f9",
        "version" : "0.1.0"
      }
    },
    {
      "identity" : "swiftsugar",
      "kind" : "remoteSourceControl",
      "location" : "https://github.com/pxlshpr/SwiftSugar",
      "state" : {
        "revision" : "8f6e2615bee4969dd629c09cae9d900b52081b02",
        "version" : "0.0.74"
      }
    },
    {
      "identity" : "swiftuisugar",
      "kind" : "remoteSourceControl",
      "location" : "https://github.com/pxlshpr/SwiftUISugar",
      "state" : {
        "revision" : "ec4b63c81e58a965b16e41681b12598fc54a19fd",
        "version" : "0.0.196"
      }
    }
  ],
  "version" : 2
}
